# This file was autogenerated by Stack.
# You should not edit this file by hand.
# For more information, please see the documentation at:
#   https://docs.haskellstack.org/en/stable/lock_files

packages:
- completed:
    name: lowarn
    pantry-tree:
      sha256: b27090d585077ecd93a667c43ed54bfa4154cbe858bffff047183ed230a2af97
      size: 696
    sha256: 8fad3582de6c27a1bd3249276c952948afb6210c40c676a00b4d0be179a9456a
    size: 85789
    subdir: core
    url: https://github.com/lowarn-dsu/lowarn/archive/0f176038f19fa263824eeb59268deb88b6e026e8.tar.gz
    version: 0.1.0.0
  original:
    subdir: core
    url: https://github.com/lowarn-dsu/lowarn/archive/0f176038f19fa263824eeb59268deb88b6e026e8.tar.gz
- completed:
    name: lowarn-runtime
    pantry-tree:
      sha256: 4e008ba10cda1c1cb226150019b8df25714d7d62d27bbbb689a0cc8f86206edb
      size: 381
    sha256: 8fad3582de6c27a1bd3249276c952948afb6210c40c676a00b4d0be179a9456a
    size: 85789
    subdir: runtime
    url: https://github.com/lowarn-dsu/lowarn/archive/0f176038f19fa263824eeb59268deb88b6e026e8.tar.gz
    version: 0.1.0.0
  original:
    subdir: runtime
    url: https://github.com/lowarn-dsu/lowarn/archive/0f176038f19fa263824eeb59268deb88b6e026e8.tar.gz
- completed:
    name: lowarn-cli
    pantry-tree:
      sha256: 40fcb9c80d3b40ff8b775de31ceff91ff9c85e233a3eb812c0163af637ac2840
      size: 1017
    sha256: 8fad3582de6c27a1bd3249276c952948afb6210c40c676a00b4d0be179a9456a
    size: 85789
    subdir: cli
    url: https://github.com/lowarn-dsu/lowarn/archive/0f176038f19fa263824eeb59268deb88b6e026e8.tar.gz
    version: 0.1.0.0
  original:
    subdir: cli
    url: https://github.com/lowarn-dsu/lowarn/archive/0f176038f19fa263824eeb59268deb88b6e026e8.tar.gz
- completed:
    name: lowarn-aeson
    pantry-tree:
      sha256: b78ef09a2c171d01802064dca0276ef6268d84e6b323ba621fce1bf853dd6a16
      size: 539
    sha256: 8fad3582de6c27a1bd3249276c952948afb6210c40c676a00b4d0be179a9456a
    size: 85789
    subdir: aeson
    url: https://github.com/lowarn-dsu/lowarn/archive/0f176038f19fa263824eeb59268deb88b6e026e8.tar.gz
    version: 0.1.0.0
  original:
    subdir: aeson
    url: https://github.com/lowarn-dsu/lowarn/archive/0f176038f19fa263824eeb59268deb88b6e026e8.tar.gz
- completed:
    hackage: X11-1.10@sha256:a65e03ab2a165e0f6132e6fd483de9e95360af5a1e3b66c7ac8d140452054a2d,3813
    pantry-tree:
      sha256: 946a88c2bc8baa24790ce10686bc6e97dc4ecd340c41c30bf228f95b22c1f4e4
      size: 2860
  original:
    hackage: X11-1.10
- completed:
    hackage: xtest-0.2@sha256:af975da13362c1aff0f8728aa98c087c78eaf594da9d10d648f5142b9ec6d7ef,814
    pantry-tree:
      sha256: f742005892f258498d3654acca3cf0e3b4f473b91f0a9adc0e1a92ce64e90f9b
      size: 256
  original:
    hackage: xtest-0.2
snapshots:
- completed:
    sha256: 14ca51a9a597c32dd7804c10d079feea3d0ae40c5fbbb346cbd67b3ae49f6d01
    size: 649598
    url: https://raw.githubusercontent.com/commercialhaskell/stackage-snapshots/master/lts/20/17.yaml
  original: lts-20.17
